
Microsoft Visual Studio Solution File, Format Version 10.00
# Visual Basic Express 2008
Project("{F184B08F-C81C-45F6-A57F-5ABD9991F28F}") = "WallpaperThemeSyncXp", "WallpaperThemeSyncXp\WallpaperThemeSyncXp.vbproj", "{E29ABB84-32CA-43BA-8507-CCFA98BC25E1}"
EndProject
Global
	GlobalSection(SolutionConfigurationPlatforms) = preSolution
		Debug|Any CPU = Debug|Any CPU
		Release|Any CPU = Release|Any CPU
	EndGlobalSection
	GlobalSection(ProjectConfigurationPlatforms) = postSolution
		{E29ABB84-32CA-43BA-8507-CCFA98BC25E1}.Debug|Any CPU.ActiveCfg = Debug|Any CPU
		{E29ABB84-32CA-43BA-8507-CCFA98BC25E1}.Debug|Any CPU.Build.0 = Debug|Any CPU
		{E29ABB84-32CA-43BA-8507-CCFA98BC25E1}.Release|Any CPU.ActiveCfg = Release|Any CPU
		{E29ABB84-32CA-43BA-8507-CCFA98BC25E1}.Release|Any CPU.Build.0 = Release|Any CPU
	EndGlobalSection
	GlobalSection(SolutionProperties) = preSolution
		HideSolutionNode = FALSE
	EndGlobalSection
EndGlobal
